
Microsoft Visual Studio Solution File, Format Version 12.00
# Visual Studio Version 16
VisualStudioVersion = 16.0.28803.352
MinimumVisualStudioVersion = 10.0.40219.1
Project("{FAE04EC0-301F-11D3-BF4B-00C04F79EFBC}") = "LSP.API", "LSP.API\LSP.API.csproj", "{DA2003E8-9382-4806-AE72-C827DF6AD593}"
EndProject
Project("{FAE04EC0-301F-11D3-BF4B-00C04F79EFBC}") = "LSP.Client", "LSP.Client\LSP.Client.csproj", "{C83FC4B4-C10F-4D9E-92E2-B2340EEF3CA0}"
EndProject
Project("{FAE04EC0-301F-11D3-BF4B-00C04F79EFBC}") = "EMIC2.Models", "EMIC2.Models\EMIC2.Models.csproj", "{0F72EDDF-FA81-4CA9-B2A6-DC3A4800EB3B}"
EndProject
Project("{FAE04EC0-301F-11D3-BF4B-00C04F79EFBC}") = "Utility", "Utility\Utility.csproj", "{06E4BAC7-2307-44D8-93FA-CC71CACC588B}"
EndProject
Project("{FAE04EC0-301F-11D3-BF4B-00C04F79EFBC}") = "LSP.MVCClient", "LSP.MVCClient\LSP.MVCClient.csproj", "{38A81C1F-7841-4C34-B754-7C6A7226D9D6}"
EndProject
Global
	GlobalSection(SolutionConfigurationPlatforms) = preSolution
		Debug|Any CPU = Debug|Any CPU
		EMIC.Dev|Any CPU = EMIC.Dev|Any CPU
		EMIC.Prod|Any CPU = EMIC.Prod|Any CPU
		EMIC.Test|Any CPU = EMIC.Test|Any CPU
		Release|Any CPU = Release|Any CPU
		Release166|Any CPU = Release166|Any CPU
		ReleaseTest|Any CPU = ReleaseTest|Any CPU
		Relese166|Any CPU = Relese166|Any CPU
	EndGlobalSection
	GlobalSection(ProjectConfigurationPlatforms) = postSolution
		{DA2003E8-9382-4806-AE72-C827DF6AD593}.Debug|Any CPU.ActiveCfg = Debug|Any CPU
		{DA2003E8-9382-4806-AE72-C827DF6AD593}.Debug|Any CPU.Build.0 = Debug|Any CPU
		{DA2003E8-9382-4806-AE72-C827DF6AD593}.EMIC.Dev|Any CPU.ActiveCfg = Release|Any CPU
		{DA2003E8-9382-4806-AE72-C827DF6AD593}.EMIC.Dev|Any CPU.Build.0 = Release|Any CPU
		{DA2003E8-9382-4806-AE72-C827DF6AD593}.EMIC.Prod|Any CPU.ActiveCfg = Release|Any CPU
		{DA2003E8-9382-4806-AE72-C827DF6AD593}.EMIC.Prod|Any CPU.Build.0 = Release|Any CPU
		{DA2003E8-9382-4806-AE72-C827DF6AD593}.EMIC.Test|Any CPU.ActiveCfg = Release|Any CPU
		{DA2003E8-9382-4806-AE72-C827DF6AD593}.EMIC.Test|Any CPU.Build.0 = Release|Any CPU
		{DA2003E8-9382-4806-AE72-C827DF6AD593}.Release|Any CPU.ActiveCfg = Release|Any CPU
		{DA2003E8-9382-4806-AE72-C827DF6AD593}.Release|Any CPU.Build.0 = Release|Any CPU
		{DA2003E8-9382-4806-AE72-C827DF6AD593}.Release166|Any CPU.ActiveCfg = Release|Any CPU
		{DA2003E8-9382-4806-AE72-C827DF6AD593}.Release166|Any CPU.Build.0 = Release|Any CPU
		{DA2003E8-9382-4806-AE72-C827DF6AD593}.ReleaseTest|Any CPU.ActiveCfg = Release|Any CPU
		{DA2003E8-9382-4806-AE72-C827DF6AD593}.ReleaseTest|Any CPU.Build.0 = Release|Any CPU
		{DA2003E8-9382-4806-AE72-C827DF6AD593}.Relese166|Any CPU.ActiveCfg = Release|Any CPU
		{DA2003E8-9382-4806-AE72-C827DF6AD593}.Relese166|Any CPU.Build.0 = Release|Any CPU
		{C83FC4B4-C10F-4D9E-92E2-B2340EEF3CA0}.Debug|Any CPU.ActiveCfg = Debug|Any CPU
		{C83FC4B4-C10F-4D9E-92E2-B2340EEF3CA0}.Debug|Any CPU.Build.0 = Debug|Any CPU
		{C83FC4B4-C10F-4D9E-92E2-B2340EEF3CA0}.EMIC.Dev|Any CPU.ActiveCfg = Release|Any CPU
		{C83FC4B4-C10F-4D9E-92E2-B2340EEF3CA0}.EMIC.Dev|Any CPU.Build.0 = Release|Any CPU
		{C83FC4B4-C10F-4D9E-92E2-B2340EEF3CA0}.EMIC.Prod|Any CPU.ActiveCfg = Release|Any CPU
		{C83FC4B4-C10F-4D9E-92E2-B2340EEF3CA0}.EMIC.Prod|Any CPU.Build.0 = Release|Any CPU
		{C83FC4B4-C10F-4D9E-92E2-B2340EEF3CA0}.EMIC.Test|Any CPU.ActiveCfg = Release|Any CPU
		{C83FC4B4-C10F-4D9E-92E2-B2340EEF3CA0}.EMIC.Test|Any CPU.Build.0 = Release|Any CPU
		{C83FC4B4-C10F-4D9E-92E2-B2340EEF3CA0}.Release|Any CPU.ActiveCfg = Release|Any CPU
		{C83FC4B4-C10F-4D9E-92E2-B2340EEF3CA0}.Release|Any CPU.Build.0 = Release|Any CPU
		{C83FC4B4-C10F-4D9E-92E2-B2340EEF3CA0}.Release166|Any CPU.ActiveCfg = Release|Any CPU
		{C83FC4B4-C10F-4D9E-92E2-B2340EEF3CA0}.Release166|Any CPU.Build.0 = Release|Any CPU
		{C83FC4B4-C10F-4D9E-92E2-B2340EEF3CA0}.ReleaseTest|Any CPU.ActiveCfg = Release|Any CPU
		{C83FC4B4-C10F-4D9E-92E2-B2340EEF3CA0}.ReleaseTest|Any CPU.Build.0 = Release|Any CPU
		{C83FC4B4-C10F-4D9E-92E2-B2340EEF3CA0}.Relese166|Any CPU.ActiveCfg = Release|Any CPU
		{C83FC4B4-C10F-4D9E-92E2-B2340EEF3CA0}.Relese166|Any CPU.Build.0 = Release|Any CPU
		{0F72EDDF-FA81-4CA9-B2A6-DC3A4800EB3B}.Debug|Any CPU.ActiveCfg = Debug|Any CPU
		{0F72EDDF-FA81-4CA9-B2A6-DC3A4800EB3B}.Debug|Any CPU.Build.0 = Debug|Any CPU
		{0F72EDDF-FA81-4CA9-B2A6-DC3A4800EB3B}.EMIC.Dev|Any CPU.ActiveCfg = EMIC.Dev|Any CPU
		{0F72EDDF-FA81-4CA9-B2A6-DC3A4800EB3B}.EMIC.Dev|Any CPU.Build.0 = EMIC.Dev|Any CPU
		{0F72EDDF-FA81-4CA9-B2A6-DC3A4800EB3B}.EMIC.Prod|Any CPU.ActiveCfg = EMIC.Prod|Any CPU
		{0F72EDDF-FA81-4CA9-B2A6-DC3A4800EB3B}.EMIC.Prod|Any CPU.Build.0 = EMIC.Prod|Any CPU
		{0F72EDDF-FA81-4CA9-B2A6-DC3A4800EB3B}.EMIC.Test|Any CPU.ActiveCfg = EMIC.Test|Any CPU
		{0F72EDDF-FA81-4CA9-B2A6-DC3A4800EB3B}.EMIC.Test|Any CPU.Build.0 = EMIC.Test|Any CPU
		{0F72EDDF-FA81-4CA9-B2A6-DC3A4800EB3B}.Release|Any CPU.ActiveCfg = Release|Any CPU
		{0F72EDDF-FA81-4CA9-B2A6-DC3A4800EB3B}.Release|Any CPU.Build.0 = Release|Any CPU
		{0F72EDDF-FA81-4CA9-B2A6-DC3A4800EB3B}.Release166|Any CPU.ActiveCfg = Release166|Any CPU
		{0F72EDDF-FA81-4CA9-B2A6-DC3A4800EB3B}.Release166|Any CPU.Build.0 = Release166|Any CPU
		{0F72EDDF-FA81-4CA9-B2A6-DC3A4800EB3B}.ReleaseTest|Any CPU.ActiveCfg = ReleaseTest|Any CPU
		{0F72EDDF-FA81-4CA9-B2A6-DC3A4800EB3B}.ReleaseTest|Any CPU.Build.0 = ReleaseTest|Any CPU
		{0F72EDDF-FA81-4CA9-B2A6-DC3A4800EB3B}.Relese166|Any CPU.ActiveCfg = Relese166|Any CPU
		{0F72EDDF-FA81-4CA9-B2A6-DC3A4800EB3B}.Relese166|Any CPU.Build.0 = Relese166|Any CPU
		{06E4BAC7-2307-44D8-93FA-CC71CACC588B}.Debug|Any CPU.ActiveCfg = Debug|Any CPU
		{06E4BAC7-2307-44D8-93FA-CC71CACC588B}.Debug|Any CPU.Build.0 = Debug|Any CPU
		{06E4BAC7-2307-44D8-93FA-CC71CACC588B}.EMIC.Dev|Any CPU.ActiveCfg = Release|Any CPU
		{06E4BAC7-2307-44D8-93FA-CC71CACC588B}.EMIC.Dev|Any CPU.Build.0 = Release|Any CPU
		{06E4BAC7-2307-44D8-93FA-CC71CACC588B}.EMIC.Prod|Any CPU.ActiveCfg = Release|Any CPU
		{06E4BAC7-2307-44D8-93FA-CC71CACC588B}.EMIC.Prod|Any CPU.Build.0 = Release|Any CPU
		{06E4BAC7-2307-44D8-93FA-CC71CACC588B}.EMIC.Test|Any CPU.ActiveCfg = Release|Any CPU
		{06E4BAC7-2307-44D8-93FA-CC71CACC588B}.EMIC.Test|Any CPU.Build.0 = Release|Any CPU
		{06E4BAC7-2307-44D8-93FA-CC71CACC588B}.Release|Any CPU.ActiveCfg = Release|Any CPU
		{06E4BAC7-2307-44D8-93FA-CC71CACC588B}.Release|Any CPU.Build.0 = Release|Any CPU
		{06E4BAC7-2307-44D8-93FA-CC71CACC588B}.Release166|Any CPU.ActiveCfg = Release|Any CPU
		{06E4BAC7-2307-44D8-93FA-CC71CACC588B}.Release166|Any CPU.Build.0 = Release|Any CPU
		{06E4BAC7-2307-44D8-93FA-CC71CACC588B}.ReleaseTest|Any CPU.ActiveCfg = Release|Any CPU
		{06E4BAC7-2307-44D8-93FA-CC71CACC588B}.ReleaseTest|Any CPU.Build.0 = Release|Any CPU
		{06E4BAC7-2307-44D8-93FA-CC71CACC588B}.Relese166|Any CPU.ActiveCfg = Release|Any CPU
		{06E4BAC7-2307-44D8-93FA-CC71CACC588B}.Relese166|Any CPU.Build.0 = Release|Any CPU
		{38A81C1F-7841-4C34-B754-7C6A7226D9D6}.Debug|Any CPU.ActiveCfg = Debug|Any CPU
		{38A81C1F-7841-4C34-B754-7C6A7226D9D6}.Debug|Any CPU.Build.0 = Debug|Any CPU
		{38A81C1F-7841-4C34-B754-7C6A7226D9D6}.EMIC.Dev|Any CPU.ActiveCfg = Release|Any CPU
		{38A81C1F-7841-4C34-B754-7C6A7226D9D6}.EMIC.Dev|Any CPU.Build.0 = Release|Any CPU
		{38A81C1F-7841-4C34-B754-7C6A7226D9D6}.EMIC.Prod|Any CPU.ActiveCfg = Release|Any CPU
		{38A81C1F-7841-4C34-B754-7C6A7226D9D6}.EMIC.Prod|Any CPU.Build.0 = Release|Any CPU
		{38A81C1F-7841-4C34-B754-7C6A7226D9D6}.EMIC.Test|Any CPU.ActiveCfg = Release|Any CPU
		{38A81C1F-7841-4C34-B754-7C6A7226D9D6}.EMIC.Test|Any CPU.Build.0 = Release|Any CPU
		{38A81C1F-7841-4C34-B754-7C6A7226D9D6}.Release|Any CPU.ActiveCfg = Release|Any CPU
		{38A81C1F-7841-4C34-B754-7C6A7226D9D6}.Release|Any CPU.Build.0 = Release|Any CPU
		{38A81C1F-7841-4C34-B754-7C6A7226D9D6}.Release166|Any CPU.ActiveCfg = Release|Any CPU
		{38A81C1F-7841-4C34-B754-7C6A7226D9D6}.Release166|Any CPU.Build.0 = Release|Any CPU
		{38A81C1F-7841-4C34-B754-7C6A7226D9D6}.ReleaseTest|Any CPU.ActiveCfg = Release|Any CPU
		{38A81C1F-7841-4C34-B754-7C6A7226D9D6}.ReleaseTest|Any CPU.Build.0 = Release|Any CPU
		{38A81C1F-7841-4C34-B754-7C6A7226D9D6}.Relese166|Any CPU.ActiveCfg = Release|Any CPU
		{38A81C1F-7841-4C34-B754-7C6A7226D9D6}.Relese166|Any CPU.Build.0 = Release|Any CPU
	EndGlobalSection
	GlobalSection(SolutionProperties) = preSolution
		HideSolutionNode = FALSE
	EndGlobalSection
	GlobalSection(ExtensibilityGlobals) = postSolution
		SolutionGuid = {7D7532A0-D6A5-441E-88CF-9D31745FBDED}
	EndGlobalSection
EndGlobal
