
Microsoft Visual Studio Solution File, Format Version 12.00
# Visual Studio Version 16
VisualStudioVersion = 16.0.28803.352
MinimumVisualStudioVersion = 10.0.40219.1
Project("{FAE04EC0-301F-11D3-BF4B-00C04F79EFBC}") = "FSP.API", "FSP.API\FSP.API.csproj", "{F780E82F-1238-428E-A6D7-B55F4215AB6A}"
EndProject
Project("{FAE04EC0-301F-11D3-BF4B-00C04F79EFBC}") = "FSP.Client", "FSP.Client\FSP.Client.csproj", "{A333003A-2887-4498-ABD1-9FBCB3DCD2CD}"
EndProject
Project("{FAE04EC0-301F-11D3-BF4B-00C04F79EFBC}") = "FSP2.API", "FSP2.API\FSP2.API.csproj", "{95C11DE0-C484-4588-A44B-4DB6A1C2436E}"
EndProject
Project("{FAE04EC0-301F-11D3-BF4B-00C04F79EFBC}") = "EMIC2.Models", "EMIC2.Models\EMIC2.Models.csproj", "{0F72EDDF-FA81-4CA9-B2A6-DC3A4800EB3B}"
EndProject
Project("{FAE04EC0-301F-11D3-BF4B-00C04F79EFBC}") = "Utility", "Utility\Utility.csproj", "{06E4BAC7-2307-44D8-93FA-CC71CACC588B}"
EndProject
Project("{FAE04EC0-301F-11D3-BF4B-00C04F79EFBC}") = "FSP.MVCClient", "FSP.MVCClient\FSP.MVCClient.csproj", "{38A81C1F-7841-4C34-B754-7C6A7226D9D6}"
EndProject
Global
	GlobalSection(SolutionConfigurationPlatforms) = preSolution
		Debug|Any CPU = Debug|Any CPU
		EMIC.Dev|Any CPU = EMIC.Dev|Any CPU
		EMIC.Prod|Any CPU = EMIC.Prod|Any CPU
		EMIC.Test|Any CPU = EMIC.Test|Any CPU
		Release|Any CPU = Release|Any CPU
		Release166|Any CPU = Release166|Any CPU
		ReleaseTest|Any CPU = ReleaseTest|Any CPU
		Relese166|Any CPU = Relese166|Any CPU
	EndGlobalSection
	GlobalSection(ProjectConfigurationPlatforms) = postSolution
		{F780E82F-1238-428E-A6D7-B55F4215AB6A}.Debug|Any CPU.ActiveCfg = Debug|Any CPU
		{F780E82F-1238-428E-A6D7-B55F4215AB6A}.Debug|Any CPU.Build.0 = Debug|Any CPU
		{F780E82F-1238-428E-A6D7-B55F4215AB6A}.EMIC.Dev|Any CPU.ActiveCfg = Release|Any CPU
		{F780E82F-1238-428E-A6D7-B55F4215AB6A}.EMIC.Dev|Any CPU.Build.0 = Release|Any CPU
		{F780E82F-1238-428E-A6D7-B55F4215AB6A}.EMIC.Prod|Any CPU.ActiveCfg = Release|Any CPU
		{F780E82F-1238-428E-A6D7-B55F4215AB6A}.EMIC.Prod|Any CPU.Build.0 = Release|Any CPU
		{F780E82F-1238-428E-A6D7-B55F4215AB6A}.EMIC.Test|Any CPU.ActiveCfg = Release|Any CPU
		{F780E82F-1238-428E-A6D7-B55F4215AB6A}.EMIC.Test|Any CPU.Build.0 = Release|Any CPU
		{F780E82F-1238-428E-A6D7-B55F4215AB6A}.Release|Any CPU.ActiveCfg = Release|Any CPU
		{F780E82F-1238-428E-A6D7-B55F4215AB6A}.Release|Any CPU.Build.0 = Release|Any CPU
		{F780E82F-1238-428E-A6D7-B55F4215AB6A}.Release166|Any CPU.ActiveCfg = Release|Any CPU
		{F780E82F-1238-428E-A6D7-B55F4215AB6A}.Release166|Any CPU.Build.0 = Release|Any CPU
		{F780E82F-1238-428E-A6D7-B55F4215AB6A}.ReleaseTest|Any CPU.ActiveCfg = Release|Any CPU
		{F780E82F-1238-428E-A6D7-B55F4215AB6A}.ReleaseTest|Any CPU.Build.0 = Release|Any CPU
		{F780E82F-1238-428E-A6D7-B55F4215AB6A}.Relese166|Any CPU.ActiveCfg = Release|Any CPU
		{F780E82F-1238-428E-A6D7-B55F4215AB6A}.Relese166|Any CPU.Build.0 = Release|Any CPU
		{A333003A-2887-4498-ABD1-9FBCB3DCD2CD}.Debug|Any CPU.ActiveCfg = Debug|Any CPU
		{A333003A-2887-4498-ABD1-9FBCB3DCD2CD}.Debug|Any CPU.Build.0 = Debug|Any CPU
		{A333003A-2887-4498-ABD1-9FBCB3DCD2CD}.EMIC.Dev|Any CPU.ActiveCfg = Release|Any CPU
		{A333003A-2887-4498-ABD1-9FBCB3DCD2CD}.EMIC.Dev|Any CPU.Build.0 = Release|Any CPU
		{A333003A-2887-4498-ABD1-9FBCB3DCD2CD}.EMIC.Prod|Any CPU.ActiveCfg = Release|Any CPU
		{A333003A-2887-4498-ABD1-9FBCB3DCD2CD}.EMIC.Prod|Any CPU.Build.0 = Release|Any CPU
		{A333003A-2887-4498-ABD1-9FBCB3DCD2CD}.EMIC.Test|Any CPU.ActiveCfg = Release|Any CPU
		{A333003A-2887-4498-ABD1-9FBCB3DCD2CD}.EMIC.Test|Any CPU.Build.0 = Release|Any CPU
		{A333003A-2887-4498-ABD1-9FBCB3DCD2CD}.Release|Any CPU.ActiveCfg = Release|Any CPU
		{A333003A-2887-4498-ABD1-9FBCB3DCD2CD}.Release|Any CPU.Build.0 = Release|Any CPU
		{A333003A-2887-4498-ABD1-9FBCB3DCD2CD}.Release166|Any CPU.ActiveCfg = Release|Any CPU
		{A333003A-2887-4498-ABD1-9FBCB3DCD2CD}.Release166|Any CPU.Build.0 = Release|Any CPU
		{A333003A-2887-4498-ABD1-9FBCB3DCD2CD}.ReleaseTest|Any CPU.ActiveCfg = Release|Any CPU
		{A333003A-2887-4498-ABD1-9FBCB3DCD2CD}.ReleaseTest|Any CPU.Build.0 = Release|Any CPU
		{A333003A-2887-4498-ABD1-9FBCB3DCD2CD}.Relese166|Any CPU.ActiveCfg = Release|Any CPU
		{A333003A-2887-4498-ABD1-9FBCB3DCD2CD}.Relese166|Any CPU.Build.0 = Release|Any CPU
		{95C11DE0-C484-4588-A44B-4DB6A1C2436E}.Debug|Any CPU.ActiveCfg = Debug|Any CPU
		{95C11DE0-C484-4588-A44B-4DB6A1C2436E}.Debug|Any CPU.Build.0 = Debug|Any CPU
		{95C11DE0-C484-4588-A44B-4DB6A1C2436E}.EMIC.Dev|Any CPU.ActiveCfg = Release|Any CPU
		{95C11DE0-C484-4588-A44B-4DB6A1C2436E}.EMIC.Dev|Any CPU.Build.0 = Release|Any CPU
		{95C11DE0-C484-4588-A44B-4DB6A1C2436E}.EMIC.Prod|Any CPU.ActiveCfg = Release|Any CPU
		{95C11DE0-C484-4588-A44B-4DB6A1C2436E}.EMIC.Prod|Any CPU.Build.0 = Release|Any CPU
		{95C11DE0-C484-4588-A44B-4DB6A1C2436E}.EMIC.Test|Any CPU.ActiveCfg = Release|Any CPU
		{95C11DE0-C484-4588-A44B-4DB6A1C2436E}.EMIC.Test|Any CPU.Build.0 = Release|Any CPU
		{95C11DE0-C484-4588-A44B-4DB6A1C2436E}.Release|Any CPU.ActiveCfg = Release|Any CPU
		{95C11DE0-C484-4588-A44B-4DB6A1C2436E}.Release|Any CPU.Build.0 = Release|Any CPU
		{95C11DE0-C484-4588-A44B-4DB6A1C2436E}.Release166|Any CPU.ActiveCfg = Release|Any CPU
		{95C11DE0-C484-4588-A44B-4DB6A1C2436E}.Release166|Any CPU.Build.0 = Release|Any CPU
		{95C11DE0-C484-4588-A44B-4DB6A1C2436E}.ReleaseTest|Any CPU.ActiveCfg = Release|Any CPU
		{95C11DE0-C484-4588-A44B-4DB6A1C2436E}.ReleaseTest|Any CPU.Build.0 = Release|Any CPU
		{95C11DE0-C484-4588-A44B-4DB6A1C2436E}.Relese166|Any CPU.ActiveCfg = Release|Any CPU
		{95C11DE0-C484-4588-A44B-4DB6A1C2436E}.Relese166|Any CPU.Build.0 = Release|Any CPU
		{0F72EDDF-FA81-4CA9-B2A6-DC3A4800EB3B}.Debug|Any CPU.ActiveCfg = Debug|Any CPU
		{0F72EDDF-FA81-4CA9-B2A6-DC3A4800EB3B}.Debug|Any CPU.Build.0 = Debug|Any CPU
		{0F72EDDF-FA81-4CA9-B2A6-DC3A4800EB3B}.EMIC.Dev|Any CPU.ActiveCfg = EMIC.Dev|Any CPU
		{0F72EDDF-FA81-4CA9-B2A6-DC3A4800EB3B}.EMIC.Dev|Any CPU.Build.0 = EMIC.Dev|Any CPU
		{0F72EDDF-FA81-4CA9-B2A6-DC3A4800EB3B}.EMIC.Prod|Any CPU.ActiveCfg = EMIC.Prod|Any CPU
		{0F72EDDF-FA81-4CA9-B2A6-DC3A4800EB3B}.EMIC.Prod|Any CPU.Build.0 = EMIC.Prod|Any CPU
		{0F72EDDF-FA81-4CA9-B2A6-DC3A4800EB3B}.EMIC.Test|Any CPU.ActiveCfg = EMIC.Test|Any CPU
		{0F72EDDF-FA81-4CA9-B2A6-DC3A4800EB3B}.EMIC.Test|Any CPU.Build.0 = EMIC.Test|Any CPU
		{0F72EDDF-FA81-4CA9-B2A6-DC3A4800EB3B}.Release|Any CPU.ActiveCfg = Release|Any CPU
		{0F72EDDF-FA81-4CA9-B2A6-DC3A4800EB3B}.Release|Any CPU.Build.0 = Release|Any CPU
		{0F72EDDF-FA81-4CA9-B2A6-DC3A4800EB3B}.Release166|Any CPU.ActiveCfg = Release166|Any CPU
		{0F72EDDF-FA81-4CA9-B2A6-DC3A4800EB3B}.Release166|Any CPU.Build.0 = Release166|Any CPU
		{0F72EDDF-FA81-4CA9-B2A6-DC3A4800EB3B}.ReleaseTest|Any CPU.ActiveCfg = ReleaseTest|Any CPU
		{0F72EDDF-FA81-4CA9-B2A6-DC3A4800EB3B}.ReleaseTest|Any CPU.Build.0 = ReleaseTest|Any CPU
		{0F72EDDF-FA81-4CA9-B2A6-DC3A4800EB3B}.Relese166|Any CPU.ActiveCfg = Relese166|Any CPU
		{0F72EDDF-FA81-4CA9-B2A6-DC3A4800EB3B}.Relese166|Any CPU.Build.0 = Relese166|Any CPU
		{06E4BAC7-2307-44D8-93FA-CC71CACC588B}.Debug|Any CPU.ActiveCfg = Debug|Any CPU
		{06E4BAC7-2307-44D8-93FA-CC71CACC588B}.Debug|Any CPU.Build.0 = Debug|Any CPU
		{06E4BAC7-2307-44D8-93FA-CC71CACC588B}.EMIC.Dev|Any CPU.ActiveCfg = Release|Any CPU
		{06E4BAC7-2307-44D8-93FA-CC71CACC588B}.EMIC.Dev|Any CPU.Build.0 = Release|Any CPU
		{06E4BAC7-2307-44D8-93FA-CC71CACC588B}.EMIC.Prod|Any CPU.ActiveCfg = Release|Any CPU
		{06E4BAC7-2307-44D8-93FA-CC71CACC588B}.EMIC.Prod|Any CPU.Build.0 = Release|Any CPU
		{06E4BAC7-2307-44D8-93FA-CC71CACC588B}.EMIC.Test|Any CPU.ActiveCfg = Release|Any CPU
		{06E4BAC7-2307-44D8-93FA-CC71CACC588B}.EMIC.Test|Any CPU.Build.0 = Release|Any CPU
		{06E4BAC7-2307-44D8-93FA-CC71CACC588B}.Release|Any CPU.ActiveCfg = Release|Any CPU
		{06E4BAC7-2307-44D8-93FA-CC71CACC588B}.Release|Any CPU.Build.0 = Release|Any CPU
		{06E4BAC7-2307-44D8-93FA-CC71CACC588B}.Release166|Any CPU.ActiveCfg = Release|Any CPU
		{06E4BAC7-2307-44D8-93FA-CC71CACC588B}.Release166|Any CPU.Build.0 = Release|Any CPU
		{06E4BAC7-2307-44D8-93FA-CC71CACC588B}.ReleaseTest|Any CPU.ActiveCfg = Release|Any CPU
		{06E4BAC7-2307-44D8-93FA-CC71CACC588B}.ReleaseTest|Any CPU.Build.0 = Release|Any CPU
		{06E4BAC7-2307-44D8-93FA-CC71CACC588B}.Relese166|Any CPU.ActiveCfg = Release|Any CPU
		{06E4BAC7-2307-44D8-93FA-CC71CACC588B}.Relese166|Any CPU.Build.0 = Release|Any CPU
		{38A81C1F-7841-4C34-B754-7C6A7226D9D6}.Debug|Any CPU.ActiveCfg = Debug|Any CPU
		{38A81C1F-7841-4C34-B754-7C6A7226D9D6}.Debug|Any CPU.Build.0 = Debug|Any CPU
		{38A81C1F-7841-4C34-B754-7C6A7226D9D6}.EMIC.Dev|Any CPU.ActiveCfg = Release|Any CPU
		{38A81C1F-7841-4C34-B754-7C6A7226D9D6}.EMIC.Dev|Any CPU.Build.0 = Release|Any CPU
		{38A81C1F-7841-4C34-B754-7C6A7226D9D6}.EMIC.Prod|Any CPU.ActiveCfg = Release|Any CPU
		{38A81C1F-7841-4C34-B754-7C6A7226D9D6}.EMIC.Prod|Any CPU.Build.0 = Release|Any CPU
		{38A81C1F-7841-4C34-B754-7C6A7226D9D6}.EMIC.Test|Any CPU.ActiveCfg = Release|Any CPU
		{38A81C1F-7841-4C34-B754-7C6A7226D9D6}.EMIC.Test|Any CPU.Build.0 = Release|Any CPU
		{38A81C1F-7841-4C34-B754-7C6A7226D9D6}.Release|Any CPU.ActiveCfg = Release|Any CPU
		{38A81C1F-7841-4C34-B754-7C6A7226D9D6}.Release|Any CPU.Build.0 = Release|Any CPU
		{38A81C1F-7841-4C34-B754-7C6A7226D9D6}.Release166|Any CPU.ActiveCfg = Release|Any CPU
		{38A81C1F-7841-4C34-B754-7C6A7226D9D6}.Release166|Any CPU.Build.0 = Release|Any CPU
		{38A81C1F-7841-4C34-B754-7C6A7226D9D6}.ReleaseTest|Any CPU.ActiveCfg = Release|Any CPU
		{38A81C1F-7841-4C34-B754-7C6A7226D9D6}.ReleaseTest|Any CPU.Build.0 = Release|Any CPU
		{38A81C1F-7841-4C34-B754-7C6A7226D9D6}.Relese166|Any CPU.ActiveCfg = Release|Any CPU
		{38A81C1F-7841-4C34-B754-7C6A7226D9D6}.Relese166|Any CPU.Build.0 = Release|Any CPU
	EndGlobalSection
	GlobalSection(SolutionProperties) = preSolution
		HideSolutionNode = FALSE
	EndGlobalSection
	GlobalSection(ExtensibilityGlobals) = postSolution
		SolutionGuid = {3926E543-73F6-4824-8A28-2C9D7B811ED3}
	EndGlobalSection
EndGlobal
